
Microsoft Visual Studio Solution File, Format Version 12.00
# Visual Studio 2013
VisualStudioVersion = 12.0.31101.0
MinimumVisualStudioVersion = 10.0.40219.1
Project("{FAE04EC0-301F-11D3-BF4B-00C04F79EFBC}") = "FulaDjur", "FulaDjur\FulaDjur.csproj", "{16DA7508-F965-4B01-864F-1B169E5EEF5C}"
EndProject
Project("{CC5FD16D-436D-48AD-A40C-5A424C6E3E79}") = "FulaDjur.Azure", "FulaDjur.Azure\FulaDjur.Azure.ccproj", "{782A3123-117C-4294-A768-ACDA1B604B10}"
EndProject
Project("{FAE04EC0-301F-11D3-BF4B-00C04F79EFBC}") = "AnimalWorker", "AnimalWorker\AnimalWorker.csproj", "{0CA25C5B-10E9-4A50-9F03-5FC8FB487DF6}"
EndProject
Global
	GlobalSection(SolutionConfigurationPlatforms) = preSolution
		Debug|Any CPU = Debug|Any CPU
		Release|Any CPU = Release|Any CPU
	EndGlobalSection
	GlobalSection(ProjectConfigurationPlatforms) = postSolution
		{16DA7508-F965-4B01-864F-1B169E5EEF5C}.Debug|Any CPU.ActiveCfg = Debug|Any CPU
		{16DA7508-F965-4B01-864F-1B169E5EEF5C}.Debug|Any CPU.Build.0 = Debug|Any CPU
		{16DA7508-F965-4B01-864F-1B169E5EEF5C}.Release|Any CPU.ActiveCfg = Release|Any CPU
		{16DA7508-F965-4B01-864F-1B169E5EEF5C}.Release|Any CPU.Build.0 = Release|Any CPU
		{782A3123-117C-4294-A768-ACDA1B604B10}.Debug|Any CPU.ActiveCfg = Debug|Any CPU
		{782A3123-117C-4294-A768-ACDA1B604B10}.Debug|Any CPU.Build.0 = Debug|Any CPU
		{782A3123-117C-4294-A768-ACDA1B604B10}.Release|Any CPU.ActiveCfg = Release|Any CPU
		{782A3123-117C-4294-A768-ACDA1B604B10}.Release|Any CPU.Build.0 = Release|Any CPU
		{0CA25C5B-10E9-4A50-9F03-5FC8FB487DF6}.Debug|Any CPU.ActiveCfg = Debug|Any CPU
		{0CA25C5B-10E9-4A50-9F03-5FC8FB487DF6}.Debug|Any CPU.Build.0 = Debug|Any CPU
		{0CA25C5B-10E9-4A50-9F03-5FC8FB487DF6}.Release|Any CPU.ActiveCfg = Release|Any CPU
		{0CA25C5B-10E9-4A50-9F03-5FC8FB487DF6}.Release|Any CPU.Build.0 = Release|Any CPU
	EndGlobalSection
	GlobalSection(SolutionProperties) = preSolution
		HideSolutionNode = FALSE
	EndGlobalSection
EndGlobal
